// !$*UTF8*$!
{
	archiveVersion = 1;
	classes = {
	};
	objectVersion = 46;
	objects = {

/* Begin PBXBuildFile section */
		6D2F9EE61B430E6300B90B4C /* AppDelegate.swift in Sources */ = {isa = PBXBuildFile; fileRef = 6D2F9EE51B430E6300B90B4C /* AppDelegate.swift */; };
		6D2F9EE81B430E6300B90B4C /* ViewController.swift in Sources */ = {isa = PBXBuildFile; fileRef = 6D2F9EE71B430E6300B90B4C /* ViewController.swift */; };
		6D2F9EEB1B430E6300B90B4C /* Main.storyboard in Resources */ = {isa = PBXBuildFile; fileRef = 6D2F9EE91B430E6300B90B4C /* Main.storyboard */; };
		6D2F9EED1B430E6300B90B4C /* Images.xcassets in Resources */ = {isa = PBXBuildFile; fileRef = 6D2F9EEC1B430E6300B90B4C /* Images.xcassets */; };
		6D2F9EF01B430E6300B90B4C /* LaunchScreen.xib in Resources */ = {isa = PBXBuildFile; fileRef = 6D2F9EEE1B430E6300B90B4C /* LaunchScreen.xib */; };
		6D2F9EFC1B430E6300B90B4C /* exercismTests.swift in Sources */ = {isa = PBXBuildFile; fileRef = 6D2F9EFB1B430E6300B90B4C /* exercismTests.swift */; };
/* End PBXBuildFile section */

/* Begin PBXContainerItemProxy section */
		6D2F9EF61B430E6300B90B4C /* PBXContainerItemProxy */ = {
			isa = PBXContainerItemProxy;
			containerPortal = 6D2F9ED81B430E6300B90B4C /* Project object */;
			proxyType = 1;
			remoteGlobalIDString = 6D2F9EDF1B430E6300B90B4C;
			remoteInfo = exercism;
		};
/* End PBXContainerItemProxy section */

/* Begin PBXFileReference section */
		6D2F9EE01B430E6300B90B4C /* exercism.app */ = {isa = PBXFileReference; explicitFileType = wrapper.application; includeInIndex = 0; path = exercism.app; sourceTree = BUILT_PRODUCTS_DIR; };
		6D2F9EE41B430E6300B90B4C /* Info.plist */ = {isa = PBXFileReference; lastKnownFileType = text.plist.xml; path = Info.plist; sourceTree = "<group>"; };
		6D2F9EE51B430E6300B90B4C /* AppDelegate.swift */ = {isa = PBXFileReference; lastKnownFileType = sourcecode.swift; path = AppDelegate.swift; sourceTree = "<group>"; };
		6D2F9EE71B430E6300B90B4C /* ViewController.swift */ = {isa = PBXFileReference; lastKnownFileType = sourcecode.swift; path = ViewController.swift; sourceTree = "<group>"; };
		6D2F9EEA1B430E6300B90B4C /* Base */ = {isa = PBXFileReference; lastKnownFileType = file.storyboard; name = Base; path = Base.lproj/Main.storyboard; sourceTree = "<group>"; };
		6D2F9EEC1B430E6300B90B4C /* Images.xcassets */ = {isa = PBXFileReference; lastKnownFileType = folder.assetcatalog; path = Images.xcassets; sourceTree = "<group>"; };
		6D2F9EEF1B430E6300B90B4C /* Base */ = {isa = PBXFileReference; lastKnownFileType = file.xib; name = Base; path = Base.lproj/LaunchScreen.xib; sourceTree = "<group>"; };
		6D2F9EF51B430E6300B90B4C /* exercismTests.xctest */ = {isa = PBXFileReference; explicitFileType = wrapper.cfbundle; includeInIndex = 0; path = exercismTests.xctest; sourceTree = BUILT_PRODUCTS_DIR; };
		6D2F9EFA1B430E6300B90B4C /* Info.plist */ = {isa = PBXFileReference; lastKnownFileType = text.plist.xml; path = Info.plist; sourceTree = "<group>"; };
		6D2F9EFB1B430E6300B90B4C /* exercismTests.swift */ = {isa = PBXFileReference; lastKnownFileType = sourcecode.swift; path = exercismTests.swift; sourceTree = "<group>"; };
/* End PBXFileReference section */

/* Begin PBXFrameworksBuildPhase section */
		6D2F9EDD1B430E6300B90B4C /* Frameworks */ = {
			isa = PBXFrameworksBuildPhase;
			buildActionMask = 2147483647;
			files = (
			);
			runOnlyForDeploymentPostprocessing = 0;
		};
		6D2F9EF21B430E6300B90B4C /* Frameworks */ = {
			isa = PBXFrameworksBuildPhase;
			buildActionMask = 2147483647;
			files = (
			);
			runOnlyForDeploymentPostprocessing = 0;
		};
/* End PBXFrameworksBuildPhase section */

/* Begin PBXGroup section */
		6D2F9ED71B430E6300B90B4C = {
			isa = PBXGroup;
			children = (
				6D2F9EE21B430E6300B90B4C /* exercism */,
				6D2F9EF81B430E6300B90B4C /* exercismTests */,
				6D2F9EE11B430E6300B90B4C /* Products */,
			);
			sourceTree = "<group>";
		};
		6D2F9EE11B430E6300B90B4C /* Products */ = {
			isa = PBXGroup;
			children = (
				6D2F9EE01B430E6300B90B4C /* exercism.app */,
				6D2F9EF51B430E6300B90B4C /* exercismTests.xctest */,
			);
			name = Products;
			sourceTree = "<group>";
		};
		6D2F9EE21B430E6300B90B4C /* exercism */ = {
			isa = PBXGroup;
			children = (
				6D2F9EE51B430E6300B90B4C /* AppDelegate.swift */,
				6D2F9EE71B430E6300B90B4C /* ViewController.swift */,
				6D2F9EE91B430E6300B90B4C /* Main.storyboard */,
				6D2F9EEC1B430E6300B90B4C /* Images.xcassets */,
				6D2F9EEE1B430E6300B90B4C /* LaunchScreen.xib */,
				6D2F9EE31B430E6300B90B4C /* Supporting Files */,
			);
			path = exercism;
			sourceTree = "<group>";
		};
		6D2F9EE31B430E6300B90B4C /* Supporting Files */ = {
			isa = PBXGroup;
			children = (
				6D2F9EE41B430E6300B90B4C /* Info.plist */,
			);
			name = "Supporting Files";
			sourceTree = "<group>";
		};
		6D2F9EF81B430E6300B90B4C /* exercismTests */ = {
			isa = PBXGroup;
			children = (
				6D2F9EFB1B430E6300B90B4C /* exercismTests.swift */,
				6D2F9EF91B430E6300B90B4C /* Supporting Files */,
			);
			path = exercismTests;
			sourceTree = "<group>";
		};
		6D2F9EF91B430E6300B90B4C /* Supporting Files */ = {
			isa = PBXGroup;
			children = (
				6D2F9EFA1B430E6300B90B4C /* Info.plist */,
			);
			name = "Supporting Files";
			sourceTree = "<group>";
		};
/* End PBXGroup section */

/* Begin PBXNativeTarget section */
		6D2F9EDF1B430E6300B90B4C /* exercism */ = {
			isa = PBXNativeTarget;
			buildConfigurationList = 6D2F9EFF1B430E6300B90B4C /* Build configuration list for PBXNativeTarget "exercism" */;
			buildPhases = (
				6D2F9EDC1B430E6300B90B4C /* Sources */,
				6D2F9EDD1B430E6300B90B4C /* Frameworks */,
				6D2F9EDE1B430E6300B90B4C /* Resources */,
			);
			buildRules = (
			);
			dependencies = (
			);
			name = exercism;
			productName = exercism;
			productReference = 6D2F9EE01B430E6300B90B4C /* exercism.app */;
			productType = "com.apple.product-type.application";
		};
		6D2F9EF41B430E6300B90B4C /* exercismTests */ = {
			isa = PBXNativeTarget;
			buildConfigurationList = 6D2F9F021B430E6300B90B4C /* Build configuration list for PBXNativeTarget "exercismTests" */;
			buildPhases = (
				6D2F9EF11B430E6300B90B4C /* Sources */,
				6D2F9EF21B430E6300B90B4C /* Frameworks */,
				6D2F9EF31B430E6300B90B4C /* Resources */,
			);
			buildRules = (
			);
			dependencies = (
				6D2F9EF71B430E6300B90B4C /* PBXTargetDependency */,
			);
			name = exercismTests;
			productName = exercismTests;
			productReference = 6D2F9EF51B430E6300B90B4C /* exercismTests.xctest */;
			productType = "com.apple.product-type.bundle.unit-test";
		};
/* End PBXNativeTarget section */

/* Begin PBXProject section */
		6D2F9ED81B430E6300B90B4C /* Project object */ = {
			isa = PBXProject;
			attributes = {
				LastUpgradeCheck = 0630;
				ORGANIZATIONNAME = "Damien Burke";
				TargetAttributes = {
					6D2F9EDF1B430E6300B90B4C = {
						CreatedOnToolsVersion = 6.3.2;
					};
					6D2F9EF41B430E6300B90B4C = {
						CreatedOnToolsVersion = 6.3.2;
						TestTargetID = 6D2F9EDF1B430E6300B90B4C;
					};
				};
			};
			buildConfigurationList = 6D2F9EDB1B430E6300B90B4C /* Build configuration list for PBXProject "exercism" */;
			compatibilityVersion = "Xcode 3.2";
			developmentRegion = English;
			hasScannedForEncodings = 0;
			knownRegions = (
				en,
				Base,
			);
			mainGroup = 6D2F9ED71B430E6300B90B4C;
			productRefGroup = 6D2F9EE11B430E6300B90B4C /* Products */;
			projectDirPath = "";
			projectRoot = "";
			targets = (
				6D2F9EDF1B430E6300B90B4C /* exercism */,
				6D2F9EF41B430E6300B90B4C /* exercismTests */,
			);
		};
/* End PBXProject section */

/* Begin PBXResourcesBuildPhase section */
		6D2F9EDE1B430E6300B90B4C /* Resources */ = {
			isa = PBXResourcesBuildPhase;
			buildActionMask = 2147483647;
			files = (
				6D2F9EEB1B430E6300B90B4C /* Main.storyboard in Resources */,
				6D2F9EF01B430E6300B90B4C /* LaunchScreen.xib in Resources */,
				6D2F9EED1B430E6300B90B4C /* Images.xcassets in Resources */,
			);
			runOnlyForDeploymentPostprocessing = 0;
		};
		6D2F9EF31B430E6300B90B4C /* Resources */ = {
			isa = PBXResourcesBuildPhase;
			buildActionMask = 2147483647;
			files = (
			);
			runOnlyForDeploymentPostprocessing = 0;
		};
/* End PBXResourcesBuildPhase section */

/* Begin PBXSourcesBuildPhase section */
		6D2F9EDC1B430E6300B90B4C /* Sources */ = {
			isa = PBXSourcesBuildPhase;
			buildActionMask = 2147483647;
			files = (
				6D2F9EE81B430E6300B90B4C /* ViewController.swift in Sources */,
				6D2F9EE61B430E6300B90B4C /* AppDelegate.swift in Sources */,
			);
			runOnlyForDeploymentPostprocessing = 0;
		};
		6D2F9EF11B430E6300B90B4C /* Sources */ = {
			isa = PBXSourcesBuildPhase;
			buildActionMask = 2147483647;
			files = (
				6D2F9EFC1B430E6300B90B4C /* exercismTests.swift in Sources */,
			);
			runOnlyForDeploymentPostprocessing = 0;
		};
/* End PBXSourcesBuildPhase section */

/* Begin PBXTargetDependency section */
		6D2F9EF71B430E6300B90B4C /* PBXTargetDependency */ = {
			isa = PBXTargetDependency;
			target = 6D2F9EDF1B430E6300B90B4C /* exercism */;
			targetProxy = 6D2F9EF61B430E6300B90B4C /* PBXContainerItemProxy */;
		};
/* End PBXTargetDependency section */

/* Begin PBXVariantGroup section */
		6D2F9EE91B430E6300B90B4C /* Main.storyboard */ = {
			isa = PBXVariantGroup;
			children = (
				6D2F9EEA1B430E6300B90B4C /* Base */,
			);
			name = Main.storyboard;
			sourceTree = "<group>";
		};
		6D2F9EEE1B430E6300B90B4C /* LaunchScreen.xib */ = {
			isa = PBXVariantGroup;
			children = (
				6D2F9EEF1B430E6300B90B4C /* Base */,
			);
			name = LaunchScreen.xib;
			sourceTree = "<group>";
		};
/* End PBXVariantGroup section */

/* Begin XCBuildConfiguration section */
		6D2F9EFD1B430E6300B90B4C /* Debug */ = {
			isa = XCBuildConfiguration;
			buildSettings = {
				ALWAYS_SEARCH_USER_PATHS = NO;
				CLANG_CXX_LANGUAGE_STANDARD = "gnu++0x";
				CLANG_CXX_LIBRARY = "libc++";
				CLANG_ENABLE_MODULES = YES;
				CLANG_ENABLE_OBJC_ARC = YES;
				CLANG_WARN_BOOL_CONVERSION = YES;
				CLANG_WARN_CONSTANT_CONVERSION = YES;
				CLANG_WARN_DIRECT_OBJC_ISA_USAGE = YES_ERROR;
				CLANG_WARN_EMPTY_BODY = YES;
				CLANG_WARN_ENUM_CONVERSION = YES;
				CLANG_WARN_INT_CONVERSION = YES;
				CLANG_WARN_OBJC_ROOT_CLASS = YES_ERROR;
				CLANG_WARN_UNREACHABLE_CODE = YES;
				CLANG_WARN__DUPLICATE_METHOD_MATCH = YES;
				"CODE_SIGN_IDENTITY[sdk=iphoneos*]" = "iPhone Developer";
				COPY_PHASE_STRIP = NO;
				DEBUG_INFORMATION_FORMAT = "dwarf-with-dsym";
				ENABLE_STRICT_OBJC_MSGSEND = YES;
				GCC_C_LANGUAGE_STANDARD = gnu99;
				GCC_DYNAMIC_NO_PIC = NO;
				GCC_NO_COMMON_BLOCKS = YES;
				GCC_OPTIMIZATION_LEVEL = 0;
				GCC_PREPROCESSOR_DEFINITIONS = (
					"DEBUG=1",
					"$(inherited)",
				);
				GCC_SYMBOLS_PRIVATE_EXTERN = NO;
				GCC_WARN_64_TO_32_BIT_CONVERSION = YES;
				GCC_WARN_ABOUT_RETURN_TYPE = YES_ERROR;
				GCC_WARN_UNDECLARED_SELECTOR = YES;
				GCC_WARN_UNINITIALIZED_AUTOS = YES_AGGRESSIVE;
				GCC_WARN_UNUSED_FUNCTION = YES;
				GCC_WARN_UNUSED_VARIABLE = YES;
				IPHONEOS_DEPLOYMENT_TARGET = 8.3;
				MTL_ENABLE_DEBUG_INFO = YES;
				ONLY_ACTIVE_ARCH = YES;
				SDKROOT = iphoneos;
				SWIFT_OPTIMIZATION_LEVEL = "-Onone";
			};
			name = Debug;
		};
		6D2F9EFE1B430E6300B90B4C /* Release */ = {
			isa = XCBuildConfiguration;
			buildSettings = {
				ALWAYS_SEARCH_USER_PATHS = NO;
				CLANG_CXX_LANGUAGE_STANDARD = "gnu++0x";
				CLANG_CXX_LIBRARY = "libc++";
				CLANG_ENABLE_MODULES = YES;
				CLANG_ENABLE_OBJC_ARC = YES;
				CLANG_WARN_BOOL_CONVERSION = YES;
				CLANG_WARN_CONSTANT_CONVERSION = YES;
				CLANG_WARN_DIRECT_OBJC_ISA_USAGE = YES_ERROR;
				CLANG_WARN_EMPTY_BODY = YES;
				CLANG_WARN_ENUM_CONVERSION = YES;
				CLANG_WARN_INT_CONVERSION = YES;
				CLANG_WARN_OBJC_ROOT_CLASS = YES_ERROR;
				CLANG_WARN_UNREACHABLE_CODE = YES;
				CLANG_WARN__DUPLICATE_METHOD_MATCH = YES;
				"CODE_SIGN_IDENTITY[sdk=iphoneos*]" = "iPhone Developer";
				COPY_PHASE_STRIP = NO;
				DEBUG_INFORMATION_FORMAT = "dwarf-with-dsym";
				ENABLE_NS_ASSERTIONS = NO;
				ENABLE_STRICT_OBJC_MSGSEND = YES;
				GCC_C_LANGUAGE_STANDARD = gnu99;
				GCC_NO_COMMON_BLOCKS = YES;
				GCC_WARN_64_TO_32_BIT_CONVERSION = YES;
				GCC_WARN_ABOUT_RETURN_TYPE = YES_ERROR;
				GCC_WARN_UNDECLARED_SELECTOR = YES;
				GCC_WARN_UNINITIALIZED_AUTOS = YES_AGGRESSIVE;
				GCC_WARN_UNUSED_FUNCTION = YES;
				GCC_WARN_UNUSED_VARIABLE = YES;
				IPHONEOS_DEPLOYMENT_TARGET = 8.3;
				MTL_ENABLE_DEBUG_INFO = NO;
				SDKROOT = iphoneos;
				VALIDATE_PRODUCT = YES;
			};
			name = Release;
		};
		6D2F9F001B430E6300B90B4C /* Debug */ = {
			isa = XCBuildConfiguration;
			buildSettings = {
				ASSETCATALOG_COMPILER_APPICON_NAME = AppIcon;
				INFOPLIST_FILE = exercism/Info.plist;
				LD_RUNPATH_SEARCH_PATHS = "$(inherited) @executable_path/Frameworks";
				PRODUCT_NAME = "$(TARGET_NAME)";
			};
			name = Debug;
		};
		6D2F9F011B430E6300B90B4C /* Release */ = {
			isa = XCBuildConfiguration;
			buildSettings = {
				ASSETCATALOG_COMPILER_APPICON_NAME = AppIcon;
				INFOPLIST_FILE = exercism/Info.plist;
				LD_RUNPATH_SEARCH_PATHS = "$(inherited) @executable_path/Frameworks";
				PRODUCT_NAME = "$(TARGET_NAME)";
			};
			name = Release;
		};
		6D2F9F031B430E6300B90B4C /* Debug */ = {
			isa = XCBuildConfiguration;
			buildSettings = {
				BUNDLE_LOADER = "$(TEST_HOST)";
				FRAMEWORK_SEARCH_PATHS = (
					"$(SDKROOT)/Developer/Library/Frameworks",
					"$(inherited)",
				);
				GCC_PREPROCESSOR_DEFINITIONS = (
					"DEBUG=1",
					"$(inherited)",
				);
				INFOPLIST_FILE = exercismTests/Info.plist;
				LD_RUNPATH_SEARCH_PATHS = "$(inherited) @executable_path/Frameworks @loader_path/Frameworks";
				PRODUCT_NAME = "$(TARGET_NAME)";
				TEST_HOST = "$(BUILT_PRODUCTS_DIR)/exercism.app/exercism";
			};
			name = Debug;
		};
		6D2F9F041B430E6300B90B4C /* Release */ = {
			isa = XCBuildConfiguration;
			buildSettings = {
				BUNDLE_LOADER = "$(TEST_HOST)";
				FRAMEWORK_SEARCH_PATHS = (
					"$(SDKROOT)/Developer/Library/Frameworks",
					"$(inherited)",
				);
				INFOPLIST_FILE = exercismTests/Info.plist;
				LD_RUNPATH_SEARCH_PATHS = "$(inherited) @executable_path/Frameworks @loader_path/Frameworks";
				PRODUCT_NAME = "$(TARGET_NAME)";
				TEST_HOST = "$(BUILT_PRODUCTS_DIR)/exercism.app/exercism";
			};
			name = Release;
		};
/* End XCBuildConfiguration section */

/* Begin XCConfigurationList section */
		6D2F9EDB1B430E6300B90B4C /* Build configuration list for PBXProject "exercism" */ = {
			isa = XCConfigurationList;
			buildConfigurations = (
				6D2F9EFD1B430E6300B90B4C /* Debug */,
				6D2F9EFE1B430E6300B90B4C /* Release */,
			);
			defaultConfigurationIsVisible = 0;
			defaultConfigurationName = Release;
		};
		6D2F9EFF1B430E6300B90B4C /* Build configuration list for PBXNativeTarget "exercism" */ = {
			isa = XCConfigurationList;
			buildConfigurations = (
				6D2F9F001B430E6300B90B4C /* Debug */,
				6D2F9F011B430E6300B90B4C /* Release */,
			);
			defaultConfigurationIsVisible = 0;
		};
		6D2F9F021B430E6300B90B4C /* Build configuration list for PBXNativeTarget "exercismTests" */ = {
			isa = XCConfigurationList;
			buildConfigurations = (
				6D2F9F031B430E6300B90B4C /* Debug */,
				6D2F9F041B430E6300B90B4C /* Release */,
			);
			defaultConfigurationIsVisible = 0;
		};
/* End XCConfigurationList section */
	};
	rootObject = 6D2F9ED81B430E6300B90B4C /* Project object */;
}
