// !$*UTF8*$!
{
	archiveVersion = 1;
	classes = {
	};
	objectVersion = 46;
	objects = {

/* Begin PBXBuildFile section */
		6D2F9EE61B430E6300B90B4C /* AppDelegate.swift in Sources */ = {isa = PBXBuildFile; fileRef = 6D2F9EE51B430E6300B90B4C /* AppDelegate.swift */; };
		6D2F9EEB1B430E6300B90B4C /* Main.storyboard in Resources */ = {isa = PBXBuildFile; fileRef = 6D2F9EE91B430E6300B90B4C /* Main.storyboard */; };
		6D2F9EED1B430E6300B90B4C /* Images.xcassets in Resources */ = {isa = PBXBuildFile; fileRef = 6D2F9EEC1B430E6300B90B4C /* Images.xcassets */; };
		6D2F9EF01B430E6300B90B4C /* LaunchScreen.xib in Resources */ = {isa = PBXBuildFile; fileRef = 6D2F9EEE1B430E6300B90B4C /* LaunchScreen.xib */; };
		6D2F9F081B430FD700B90B4C /* Bob.swift in Sources */ = {isa = PBXBuildFile; fileRef = 6D2F9F071B430FD700B90B4C /* Bob.swift */; };
		6D2F9F0A1B43101A00B90B4C /* BobTest.swift in Sources */ = {isa = PBXBuildFile; fileRef = 6D2F9F091B43101A00B90B4C /* BobTest.swift */; };
		6D2F9F0B1B43102500B90B4C /* Bob.swift in Sources */ = {isa = PBXBuildFile; fileRef = 6D2F9F071B430FD700B90B4C /* Bob.swift */; };
		6D30E1701B447632000E5523 /* NucleotideCountTest.swift in Sources */ = {isa = PBXBuildFile; fileRef = 6D30E16F1B447632000E5523 /* NucleotideCountTest.swift */; };
		6D30E1721B447650000E5523 /* NucleotideCount.swift in Sources */ = {isa = PBXBuildFile; fileRef = 6D30E1711B447650000E5523 /* NucleotideCount.swift */; };
		6D30E1731B447650000E5523 /* NucleotideCount.swift in Sources */ = {isa = PBXBuildFile; fileRef = 6D30E1711B447650000E5523 /* NucleotideCount.swift */; };
		6D3F22AB1B4312380083C5A3 /* Leap.swift in Sources */ = {isa = PBXBuildFile; fileRef = 6D3F22AA1B4312380083C5A3 /* Leap.swift */; };
		6D3F22AD1B4312400083C5A3 /* LeapTest.swift in Sources */ = {isa = PBXBuildFile; fileRef = 6D3F22AC1B4312400083C5A3 /* LeapTest.swift */; };
		6D3F22AE1B4312430083C5A3 /* Leap.swift in Sources */ = {isa = PBXBuildFile; fileRef = 6D3F22AA1B4312380083C5A3 /* Leap.swift */; };
		6D3F22B01B4312950083C5A3 /* Hamming.swift in Sources */ = {isa = PBXBuildFile; fileRef = 6D3F22AF1B4312950083C5A3 /* Hamming.swift */; };
		6D3F22B11B4312950083C5A3 /* Hamming.swift in Sources */ = {isa = PBXBuildFile; fileRef = 6D3F22AF1B4312950083C5A3 /* Hamming.swift */; };
		6D3F22B41B43129C0083C5A3 /* HammingTest.swift in Sources */ = {isa = PBXBuildFile; fileRef = 6D3F22B21B43129C0083C5A3 /* HammingTest.swift */; };
		6D3F22B61B4312F10083C5A3 /* WordCount.swift in Sources */ = {isa = PBXBuildFile; fileRef = 6D3F22B51B4312F10083C5A3 /* WordCount.swift */; };
		6D3F22B71B4312F10083C5A3 /* WordCount.swift in Sources */ = {isa = PBXBuildFile; fileRef = 6D3F22B51B4312F10083C5A3 /* WordCount.swift */; };
		6D3F22B91B4312F80083C5A3 /* WordCountTest.swift in Sources */ = {isa = PBXBuildFile; fileRef = 6D3F22B81B4312F80083C5A3 /* WordCountTest.swift */; };
		6D3F22BB1B4314CA0083C5A3 /* EtlTest.swift in Sources */ = {isa = PBXBuildFile; fileRef = 6D3F22BA1B4314CA0083C5A3 /* EtlTest.swift */; };
		6D3F22C01B4315760083C5A3 /* Etl.swift in Sources */ = {isa = PBXBuildFile; fileRef = 6D3F22BF1B4315760083C5A3 /* Etl.swift */; };
		6D3F22C11B4315760083C5A3 /* Etl.swift in Sources */ = {isa = PBXBuildFile; fileRef = 6D3F22BF1B4315760083C5A3 /* Etl.swift */; };
		6D3F22C91B439DC70083C5A3 /* Anagram.swift in Sources */ = {isa = PBXBuildFile; fileRef = 6D3F22C81B439DC70083C5A3 /* Anagram.swift */; };
		6D3F22CA1B439DC70083C5A3 /* Anagram.swift in Sources */ = {isa = PBXBuildFile; fileRef = 6D3F22C81B439DC70083C5A3 /* Anagram.swift */; };
		6D527FA71B4F1222007139A9 /* PhoneNumberTest.swift in Sources */ = {isa = PBXBuildFile; fileRef = 6D527FA61B4F1222007139A9 /* PhoneNumberTest.swift */; };
		6D527FA91B4F12A6007139A9 /* PhoneNumber.swift in Sources */ = {isa = PBXBuildFile; fileRef = 6D527FA81B4F12A6007139A9 /* PhoneNumber.swift */; };
		6D527FAA1B4F12A6007139A9 /* PhoneNumber.swift in Sources */ = {isa = PBXBuildFile; fileRef = 6D527FA81B4F12A6007139A9 /* PhoneNumber.swift */; };
		6D527FAF1B504B01007139A9 /* GradeSchool.swift in Sources */ = {isa = PBXBuildFile; fileRef = 6D527FAE1B504B01007139A9 /* GradeSchool.swift */; };
		6D527FB01B504B01007139A9 /* GradeSchool.swift in Sources */ = {isa = PBXBuildFile; fileRef = 6D527FAE1B504B01007139A9 /* GradeSchool.swift */; };
		6D527FB21B50A163007139A9 /* RobotNameTest.swift in Sources */ = {isa = PBXBuildFile; fileRef = 6D527FB11B50A163007139A9 /* RobotNameTest.swift */; };
		6D527FB41B50A257007139A9 /* RobotName.swift in Sources */ = {isa = PBXBuildFile; fileRef = 6D527FB31B50A257007139A9 /* RobotName.swift */; };
		6D527FB51B50A257007139A9 /* RobotName.swift in Sources */ = {isa = PBXBuildFile; fileRef = 6D527FB31B50A257007139A9 /* RobotName.swift */; };
		6D527FB81B515281007139A9 /* PerfectNumbersTest.swift in Sources */ = {isa = PBXBuildFile; fileRef = 6D527FB61B515281007139A9 /* PerfectNumbersTest.swift */; };
		6D527FBA1B5152A6007139A9 /* PerfectNumbers.swift in Sources */ = {isa = PBXBuildFile; fileRef = 6D527FB91B5152A6007139A9 /* PerfectNumbers.swift */; };
		6D527FBB1B5152A6007139A9 /* PerfectNumbers.swift in Sources */ = {isa = PBXBuildFile; fileRef = 6D527FB91B5152A6007139A9 /* PerfectNumbers.swift */; };
		6D527FBE1B54535E007139A9 /* AllergiesTest.swift in Sources */ = {isa = PBXBuildFile; fileRef = 6D527FBC1B54535E007139A9 /* AllergiesTest.swift */; };
		6D527FC01B54538B007139A9 /* Allergies.swift in Sources */ = {isa = PBXBuildFile; fileRef = 6D527FBF1B54538B007139A9 /* Allergies.swift */; };
		6D527FC11B54538B007139A9 /* Allergies.swift in Sources */ = {isa = PBXBuildFile; fileRef = 6D527FBF1B54538B007139A9 /* Allergies.swift */; };
		6D527FC41B545AAC007139A9 /* AccumulateTest.swift in Sources */ = {isa = PBXBuildFile; fileRef = 6D527FC21B545AAC007139A9 /* AccumulateTest.swift */; };
		6D527FC61B545BE7007139A9 /* Accumulate.swift in Sources */ = {isa = PBXBuildFile; fileRef = 6D527FC51B545BE7007139A9 /* Accumulate.swift */; };
		6D527FC71B545BE7007139A9 /* Accumulate.swift in Sources */ = {isa = PBXBuildFile; fileRef = 6D527FC51B545BE7007139A9 /* Accumulate.swift */; };
		6D87DC5B1B69EA4800FE8ED0 /* GigasecondTest.swift in Sources */ = {isa = PBXBuildFile; fileRef = 6D87DC5A1B69EA4800FE8ED0 /* GigasecondTest.swift */; };
		6D87DC5D1B69EA5C00FE8ED0 /* Gigasecond.swift in Sources */ = {isa = PBXBuildFile; fileRef = 6D87DC5C1B69EA5C00FE8ED0 /* Gigasecond.swift */; };
		6D87DC5E1B69EA5C00FE8ED0 /* Gigasecond.swift in Sources */ = {isa = PBXBuildFile; fileRef = 6D87DC5C1B69EA5C00FE8ED0 /* Gigasecond.swift */; };
		6D87DC621B69FEBE00FE8ED0 /* Meetup.swift in Sources */ = {isa = PBXBuildFile; fileRef = 6D87DC611B69FEBE00FE8ED0 /* Meetup.swift */; };
		6D87DC631B69FEBE00FE8ED0 /* Meetup.swift in Sources */ = {isa = PBXBuildFile; fileRef = 6D87DC611B69FEBE00FE8ED0 /* Meetup.swift */; };
		6D90604A1EA6D1EB008496A1 /* MeetupTests.swift in Sources */ = {isa = PBXBuildFile; fileRef = 6D9060491EA6D1EB008496A1 /* MeetupTests.swift */; };
		6DE3CFE41B66FF74006F4464 /* SumOfMultiplesTest.swift in Sources */ = {isa = PBXBuildFile; fileRef = 6DE3CFE31B66FF74006F4464 /* SumOfMultiplesTest.swift */; };
		6DE3CFE61B66FF92006F4464 /* SumOfMultiples.swift in Sources */ = {isa = PBXBuildFile; fileRef = 6DE3CFE51B66FF92006F4464 /* SumOfMultiples.swift */; };
		6DE3CFE71B67005C006F4464 /* SumOfMultiples.swift in Sources */ = {isa = PBXBuildFile; fileRef = 6DE3CFE51B66FF92006F4464 /* SumOfMultiples.swift */; };
		6DE3CFE91B67EB0A006F4464 /* TwelveDaysTest.swift in Sources */ = {isa = PBXBuildFile; fileRef = 6DE3CFE81B67EB0A006F4464 /* TwelveDaysTest.swift */; };
		6DE3CFEB1B67EB28006F4464 /* TwelveDays.swift in Sources */ = {isa = PBXBuildFile; fileRef = 6DE3CFEA1B67EB28006F4464 /* TwelveDays.swift */; };
		6DE3CFEC1B67EB28006F4464 /* TwelveDays.swift in Sources */ = {isa = PBXBuildFile; fileRef = 6DE3CFEA1B67EB28006F4464 /* TwelveDays.swift */; };
		6DE3CFEE1B68B887006F4464 /* SpaceAgeTest.swift in Sources */ = {isa = PBXBuildFile; fileRef = 6DE3CFED1B68B887006F4464 /* SpaceAgeTest.swift */; };
		6DE3CFF01B68B8AA006F4464 /* SpaceAge.swift in Sources */ = {isa = PBXBuildFile; fileRef = 6DE3CFEF1B68B8AA006F4464 /* SpaceAge.swift */; };
		6DE3CFF11B68B8D1006F4464 /* SpaceAge.swift in Sources */ = {isa = PBXBuildFile; fileRef = 6DE3CFEF1B68B8AA006F4464 /* SpaceAge.swift */; };
/* End PBXBuildFile section */

/* Begin PBXContainerItemProxy section */
		6D2F9EF61B430E6300B90B4C /* PBXContainerItemProxy */ = {
			isa = PBXContainerItemProxy;
			containerPortal = 6D2F9ED81B430E6300B90B4C /* Project object */;
			proxyType = 1;
			remoteGlobalIDString = 6D2F9EDF1B430E6300B90B4C;
			remoteInfo = exercism;
		};
/* End PBXContainerItemProxy section */

/* Begin PBXFileReference section */
		6D2F9EE01B430E6300B90B4C /* exercism.app */ = {isa = PBXFileReference; explicitFileType = wrapper.application; includeInIndex = 0; path = exercism.app; sourceTree = BUILT_PRODUCTS_DIR; };
		6D2F9EE41B430E6300B90B4C /* Info.plist */ = {isa = PBXFileReference; lastKnownFileType = text.plist.xml; path = Info.plist; sourceTree = "<group>"; };
		6D2F9EE51B430E6300B90B4C /* AppDelegate.swift */ = {isa = PBXFileReference; lastKnownFileType = sourcecode.swift; path = AppDelegate.swift; sourceTree = "<group>"; };
		6D2F9EEA1B430E6300B90B4C /* Base */ = {isa = PBXFileReference; lastKnownFileType = file.storyboard; name = Base; path = Base.lproj/Main.storyboard; sourceTree = "<group>"; };
		6D2F9EEC1B430E6300B90B4C /* Images.xcassets */ = {isa = PBXFileReference; lastKnownFileType = folder.assetcatalog; path = Images.xcassets; sourceTree = "<group>"; };
		6D2F9EEF1B430E6300B90B4C /* Base */ = {isa = PBXFileReference; lastKnownFileType = file.xib; name = Base; path = Base.lproj/LaunchScreen.xib; sourceTree = "<group>"; };
		6D2F9EF51B430E6300B90B4C /* exercismTests.xctest */ = {isa = PBXFileReference; explicitFileType = wrapper.cfbundle; includeInIndex = 0; path = exercismTests.xctest; sourceTree = BUILT_PRODUCTS_DIR; };
		6D2F9EFA1B430E6300B90B4C /* Info.plist */ = {isa = PBXFileReference; lastKnownFileType = text.plist.xml; path = Info.plist; sourceTree = "<group>"; };
		6D2F9F071B430FD700B90B4C /* Bob.swift */ = {isa = PBXFileReference; fileEncoding = 4; lastKnownFileType = sourcecode.swift; name = Bob.swift; path = ../../bob/Bob.swift; sourceTree = "<group>"; };
		6D2F9F091B43101A00B90B4C /* BobTest.swift */ = {isa = PBXFileReference; fileEncoding = 4; lastKnownFileType = sourcecode.swift; name = BobTest.swift; path = ../../bob/BobTest.swift; sourceTree = "<group>"; };
		6D30E16F1B447632000E5523 /* NucleotideCountTest.swift */ = {isa = PBXFileReference; fileEncoding = 4; lastKnownFileType = sourcecode.swift; name = NucleotideCountTest.swift; path = "../../nucleotide-count/NucleotideCountTest.swift"; sourceTree = "<group>"; };
		6D30E1711B447650000E5523 /* NucleotideCount.swift */ = {isa = PBXFileReference; fileEncoding = 4; lastKnownFileType = sourcecode.swift; name = NucleotideCount.swift; path = "../../nucleotide-count/NucleotideCount.swift"; sourceTree = "<group>"; };
		6D3F22AA1B4312380083C5A3 /* Leap.swift */ = {isa = PBXFileReference; fileEncoding = 4; lastKnownFileType = sourcecode.swift; name = Leap.swift; path = ../../leap/Leap.swift; sourceTree = "<group>"; };
		6D3F22AC1B4312400083C5A3 /* LeapTest.swift */ = {isa = PBXFileReference; fileEncoding = 4; lastKnownFileType = sourcecode.swift; name = LeapTest.swift; path = ../../leap/LeapTest.swift; sourceTree = "<group>"; };
		6D3F22AF1B4312950083C5A3 /* Hamming.swift */ = {isa = PBXFileReference; fileEncoding = 4; lastKnownFileType = sourcecode.swift; name = Hamming.swift; path = ../../hamming/Hamming.swift; sourceTree = "<group>"; };
		6D3F22B21B43129C0083C5A3 /* HammingTest.swift */ = {isa = PBXFileReference; fileEncoding = 4; lastKnownFileType = sourcecode.swift; name = HammingTest.swift; path = ../../hamming/HammingTest.swift; sourceTree = "<group>"; };
		6D3F22B51B4312F10083C5A3 /* WordCount.swift */ = {isa = PBXFileReference; fileEncoding = 4; lastKnownFileType = sourcecode.swift; name = WordCount.swift; path = "../../word-count/WordCount.swift"; sourceTree = "<group>"; };
		6D3F22B81B4312F80083C5A3 /* WordCountTest.swift */ = {isa = PBXFileReference; fileEncoding = 4; lastKnownFileType = sourcecode.swift; name = WordCountTest.swift; path = "../../word-count/WordCountTest.swift"; sourceTree = "<group>"; };
		6D3F22BA1B4314CA0083C5A3 /* EtlTest.swift */ = {isa = PBXFileReference; fileEncoding = 4; lastKnownFileType = sourcecode.swift; name = EtlTest.swift; path = ../../etl/EtlTest.swift; sourceTree = "<group>"; };
		6D3F22BF1B4315760083C5A3 /* Etl.swift */ = {isa = PBXFileReference; fileEncoding = 4; lastKnownFileType = sourcecode.swift; name = Etl.swift; path = ../../etl/Etl.swift; sourceTree = "<group>"; };
		6D3F22C81B439DC70083C5A3 /* Anagram.swift */ = {isa = PBXFileReference; fileEncoding = 4; lastKnownFileType = sourcecode.swift; name = Anagram.swift; path = ../../anagram/Anagram.swift; sourceTree = "<group>"; };
		6D527FA61B4F1222007139A9 /* PhoneNumberTest.swift */ = {isa = PBXFileReference; fileEncoding = 4; lastKnownFileType = sourcecode.swift; name = PhoneNumberTest.swift; path = "../../phone-number/PhoneNumberTest.swift"; sourceTree = "<group>"; };
		6D527FA81B4F12A6007139A9 /* PhoneNumber.swift */ = {isa = PBXFileReference; fileEncoding = 4; lastKnownFileType = sourcecode.swift; name = PhoneNumber.swift; path = "../../phone-number/PhoneNumber.swift"; sourceTree = "<group>"; };
		6D527FAE1B504B01007139A9 /* GradeSchool.swift */ = {isa = PBXFileReference; fileEncoding = 4; lastKnownFileType = sourcecode.swift; name = GradeSchool.swift; path = "../../grade-school/GradeSchool.swift"; sourceTree = "<group>"; };
		6D527FB11B50A163007139A9 /* RobotNameTest.swift */ = {isa = PBXFileReference; fileEncoding = 4; lastKnownFileType = sourcecode.swift; name = RobotNameTest.swift; path = "../../robot-name/RobotNameTest.swift"; sourceTree = "<group>"; };
		6D527FB31B50A257007139A9 /* RobotName.swift */ = {isa = PBXFileReference; fileEncoding = 4; lastKnownFileType = sourcecode.swift; name = RobotName.swift; path = "../../robot-name/RobotName.swift"; sourceTree = "<group>"; };
		6D527FB61B515281007139A9 /* PerfectNumbersTest.swift */ = {isa = PBXFileReference; fileEncoding = 4; lastKnownFileType = sourcecode.swift; name = PerfectNumbersTest.swift; path = "../../perfect-numbers/PerfectNumbersTest.swift"; sourceTree = "<group>"; };
		6D527FB91B5152A6007139A9 /* PerfectNumbers.swift */ = {isa = PBXFileReference; fileEncoding = 4; lastKnownFileType = sourcecode.swift; name = PerfectNumbers.swift; path = "../../perfect-numbers/PerfectNumbers.swift"; sourceTree = "<group>"; };
		6D527FBC1B54535E007139A9 /* AllergiesTest.swift */ = {isa = PBXFileReference; fileEncoding = 4; lastKnownFileType = sourcecode.swift; name = AllergiesTest.swift; path = ../../allergies/AllergiesTest.swift; sourceTree = "<group>"; };
		6D527FBF1B54538B007139A9 /* Allergies.swift */ = {isa = PBXFileReference; fileEncoding = 4; lastKnownFileType = sourcecode.swift; name = Allergies.swift; path = ../../allergies/Allergies.swift; sourceTree = "<group>"; };
		6D527FC21B545AAC007139A9 /* AccumulateTest.swift */ = {isa = PBXFileReference; fileEncoding = 4; lastKnownFileType = sourcecode.swift; name = AccumulateTest.swift; path = ../../accumulate/AccumulateTest.swift; sourceTree = "<group>"; };
		6D527FC51B545BE7007139A9 /* Accumulate.swift */ = {isa = PBXFileReference; fileEncoding = 4; lastKnownFileType = sourcecode.swift; name = Accumulate.swift; path = ../../accumulate/Accumulate.swift; sourceTree = "<group>"; };
		6D87DC5A1B69EA4800FE8ED0 /* GigasecondTest.swift */ = {isa = PBXFileReference; fileEncoding = 4; lastKnownFileType = sourcecode.swift; name = GigasecondTest.swift; path = ../../gigasecond/GigasecondTest.swift; sourceTree = "<group>"; };
		6D87DC5C1B69EA5C00FE8ED0 /* Gigasecond.swift */ = {isa = PBXFileReference; fileEncoding = 4; lastKnownFileType = sourcecode.swift; name = Gigasecond.swift; path = ../../gigasecond/Gigasecond.swift; sourceTree = "<group>"; };
		6D87DC611B69FEBE00FE8ED0 /* Meetup.swift */ = {isa = PBXFileReference; fileEncoding = 4; lastKnownFileType = sourcecode.swift; name = Meetup.swift; path = ../../meetup/Meetup.swift; sourceTree = "<group>"; };
		6D9060491EA6D1EB008496A1 /* MeetupTests.swift */ = {isa = PBXFileReference; fileEncoding = 4; lastKnownFileType = sourcecode.swift; name = MeetupTests.swift; path = ../../meetup/Tests/MeetupTests/MeetupTests.swift; sourceTree = "<group>"; };
		6DE3CFE31B66FF74006F4464 /* SumOfMultiplesTest.swift */ = {isa = PBXFileReference; fileEncoding = 4; lastKnownFileType = sourcecode.swift; name = SumOfMultiplesTest.swift; path = "../../sum-of-multiples/SumOfMultiplesTest.swift"; sourceTree = "<group>"; };
		6DE3CFE51B66FF92006F4464 /* SumOfMultiples.swift */ = {isa = PBXFileReference; fileEncoding = 4; lastKnownFileType = sourcecode.swift; name = SumOfMultiples.swift; path = "../../sum-of-multiples/SumOfMultiples.swift"; sourceTree = "<group>"; };
		6DE3CFE81B67EB0A006F4464 /* TwelveDaysTest.swift */ = {isa = PBXFileReference; fileEncoding = 4; lastKnownFileType = sourcecode.swift; name = TwelveDaysTest.swift; path = "../../twelve-days/TwelveDaysTest.swift"; sourceTree = "<group>"; };
		6DE3CFEA1B67EB28006F4464 /* TwelveDays.swift */ = {isa = PBXFileReference; fileEncoding = 4; lastKnownFileType = sourcecode.swift; name = TwelveDays.swift; path = "../../twelve-days/TwelveDays.swift"; sourceTree = "<group>"; };
		6DE3CFED1B68B887006F4464 /* SpaceAgeTest.swift */ = {isa = PBXFileReference; fileEncoding = 4; lastKnownFileType = sourcecode.swift; name = SpaceAgeTest.swift; path = "../../space-age/SpaceAgeTest.swift"; sourceTree = "<group>"; };
		6DE3CFEF1B68B8AA006F4464 /* SpaceAge.swift */ = {isa = PBXFileReference; fileEncoding = 4; lastKnownFileType = sourcecode.swift; name = SpaceAge.swift; path = "../../space-age/SpaceAge.swift"; sourceTree = "<group>"; };
/* End PBXFileReference section */

/* Begin PBXFrameworksBuildPhase section */
		6D2F9EDD1B430E6300B90B4C /* Frameworks */ = {
			isa = PBXFrameworksBuildPhase;
			buildActionMask = 2147483647;
			files = (
			);
			runOnlyForDeploymentPostprocessing = 0;
		};
		6D2F9EF21B430E6300B90B4C /* Frameworks */ = {
			isa = PBXFrameworksBuildPhase;
			buildActionMask = 2147483647;
			files = (
			);
			runOnlyForDeploymentPostprocessing = 0;
		};
/* End PBXFrameworksBuildPhase section */

/* Begin PBXGroup section */
		6D2F9ED71B430E6300B90B4C = {
			isa = PBXGroup;
			children = (
				6D2F9EE21B430E6300B90B4C /* exercism */,
				6D2F9EF81B430E6300B90B4C /* exercismTests */,
				6D2F9EE11B430E6300B90B4C /* Products */,
			);
			sourceTree = "<group>";
		};
		6D2F9EE11B430E6300B90B4C /* Products */ = {
			isa = PBXGroup;
			children = (
				6D2F9EE01B430E6300B90B4C /* exercism.app */,
				6D2F9EF51B430E6300B90B4C /* exercismTests.xctest */,
			);
			name = Products;
			sourceTree = "<group>";
		};
		6D2F9EE21B430E6300B90B4C /* exercism */ = {
			isa = PBXGroup;
			children = (
				6D87DC611B69FEBE00FE8ED0 /* Meetup.swift */,
				6D87DC5C1B69EA5C00FE8ED0 /* Gigasecond.swift */,
				6DE3CFEF1B68B8AA006F4464 /* SpaceAge.swift */,
				6DE3CFEA1B67EB28006F4464 /* TwelveDays.swift */,
				6DE3CFE51B66FF92006F4464 /* SumOfMultiples.swift */,
				6D527FC51B545BE7007139A9 /* Accumulate.swift */,
				6D527FBF1B54538B007139A9 /* Allergies.swift */,
				6D527FB91B5152A6007139A9 /* PerfectNumbers.swift */,
				6D527FB31B50A257007139A9 /* RobotName.swift */,
				6D527FAE1B504B01007139A9 /* GradeSchool.swift */,
				6D527FA81B4F12A6007139A9 /* PhoneNumber.swift */,
				6D30E1711B447650000E5523 /* NucleotideCount.swift */,
				6D3F22C81B439DC70083C5A3 /* Anagram.swift */,
				6D3F22BF1B4315760083C5A3 /* Etl.swift */,
				6D3F22B51B4312F10083C5A3 /* WordCount.swift */,
				6D3F22AF1B4312950083C5A3 /* Hamming.swift */,
				6D3F22AA1B4312380083C5A3 /* Leap.swift */,
				6D2F9F071B430FD700B90B4C /* Bob.swift */,
				6D2F9EE51B430E6300B90B4C /* AppDelegate.swift */,
				6D2F9EE91B430E6300B90B4C /* Main.storyboard */,
				6D2F9EEC1B430E6300B90B4C /* Images.xcassets */,
				6D2F9EEE1B430E6300B90B4C /* LaunchScreen.xib */,
				6D2F9EE31B430E6300B90B4C /* Supporting Files */,
			);
			path = exercism;
			sourceTree = "<group>";
		};
		6D2F9EE31B430E6300B90B4C /* Supporting Files */ = {
			isa = PBXGroup;
			children = (
				6D2F9EE41B430E6300B90B4C /* Info.plist */,
			);
			name = "Supporting Files";
			sourceTree = "<group>";
		};
		6D2F9EF81B430E6300B90B4C /* exercismTests */ = {
			isa = PBXGroup;
			children = (
				6D9060491EA6D1EB008496A1 /* MeetupTests.swift */,
				6D87DC5A1B69EA4800FE8ED0 /* GigasecondTest.swift */,
				6DE3CFED1B68B887006F4464 /* SpaceAgeTest.swift */,
				6DE3CFE81B67EB0A006F4464 /* TwelveDaysTest.swift */,
				6DE3CFE31B66FF74006F4464 /* SumOfMultiplesTest.swift */,
				6D527FC21B545AAC007139A9 /* AccumulateTest.swift */,
				6D527FBC1B54535E007139A9 /* AllergiesTest.swift */,
				6D527FB61B515281007139A9 /* PerfectNumbersTest.swift */,
				6D527FB11B50A163007139A9 /* RobotNameTest.swift */,
				6D527FA61B4F1222007139A9 /* PhoneNumberTest.swift */,
				6D30E16F1B447632000E5523 /* NucleotideCountTest.swift */,
				6D3F22BA1B4314CA0083C5A3 /* EtlTest.swift */,
				6D3F22B81B4312F80083C5A3 /* WordCountTest.swift */,
				6D3F22B21B43129C0083C5A3 /* HammingTest.swift */,
				6D3F22AC1B4312400083C5A3 /* LeapTest.swift */,
				6D2F9F091B43101A00B90B4C /* BobTest.swift */,
				6D2F9EF91B430E6300B90B4C /* Supporting Files */,
			);
			path = exercismTests;
			sourceTree = "<group>";
		};
		6D2F9EF91B430E6300B90B4C /* Supporting Files */ = {
			isa = PBXGroup;
			children = (
				6D2F9EFA1B430E6300B90B4C /* Info.plist */,
			);
			name = "Supporting Files";
			sourceTree = "<group>";
		};
/* End PBXGroup section */

/* Begin PBXNativeTarget section */
		6D2F9EDF1B430E6300B90B4C /* exercism */ = {
			isa = PBXNativeTarget;
			buildConfigurationList = 6D2F9EFF1B430E6300B90B4C /* Build configuration list for PBXNativeTarget "exercism" */;
			buildPhases = (
				6D2F9EDC1B430E6300B90B4C /* Sources */,
				6D2F9EDD1B430E6300B90B4C /* Frameworks */,
				6D2F9EDE1B430E6300B90B4C /* Resources */,
			);
			buildRules = (
			);
			dependencies = (
			);
			name = exercism;
			productName = exercism;
			productReference = 6D2F9EE01B430E6300B90B4C /* exercism.app */;
			productType = "com.apple.product-type.application";
		};
		6D2F9EF41B430E6300B90B4C /* exercismTests */ = {
			isa = PBXNativeTarget;
			buildConfigurationList = 6D2F9F021B430E6300B90B4C /* Build configuration list for PBXNativeTarget "exercismTests" */;
			buildPhases = (
				6D2F9EF11B430E6300B90B4C /* Sources */,
				6D2F9EF21B430E6300B90B4C /* Frameworks */,
				6D2F9EF31B430E6300B90B4C /* Resources */,
			);
			buildRules = (
			);
			dependencies = (
				6D2F9EF71B430E6300B90B4C /* PBXTargetDependency */,
			);
			name = exercismTests;
			productName = exercismTests;
			productReference = 6D2F9EF51B430E6300B90B4C /* exercismTests.xctest */;
			productType = "com.apple.product-type.bundle.unit-test";
		};
/* End PBXNativeTarget section */

/* Begin PBXProject section */
		6D2F9ED81B430E6300B90B4C /* Project object */ = {
			isa = PBXProject;
			attributes = {
				LastSwiftMigration = 0700;
				LastSwiftUpdateCheck = 0700;
				LastUpgradeCheck = 0830;
				ORGANIZATIONNAME = "Damien Burke";
				TargetAttributes = {
					6D2F9EDF1B430E6300B90B4C = {
						CreatedOnToolsVersion = 6.3.2;
						LastSwiftMigration = 0830;
					};
					6D2F9EF41B430E6300B90B4C = {
						CreatedOnToolsVersion = 6.3.2;
						LastSwiftMigration = 0830;
						TestTargetID = 6D2F9EDF1B430E6300B90B4C;
					};
				};
			};
			buildConfigurationList = 6D2F9EDB1B430E6300B90B4C /* Build configuration list for PBXProject "exercism" */;
			compatibilityVersion = "Xcode 3.2";
			developmentRegion = English;
			hasScannedForEncodings = 0;
			knownRegions = (
				en,
				Base,
			);
			mainGroup = 6D2F9ED71B430E6300B90B4C;
			productRefGroup = 6D2F9EE11B430E6300B90B4C /* Products */;
			projectDirPath = "";
			projectRoot = "";
			targets = (
				6D2F9EDF1B430E6300B90B4C /* exercism */,
				6D2F9EF41B430E6300B90B4C /* exercismTests */,
			);
		};
/* End PBXProject section */

/* Begin PBXResourcesBuildPhase section */
		6D2F9EDE1B430E6300B90B4C /* Resources */ = {
			isa = PBXResourcesBuildPhase;
			buildActionMask = 2147483647;
			files = (
				6D2F9EEB1B430E6300B90B4C /* Main.storyboard in Resources */,
				6D2F9EF01B430E6300B90B4C /* LaunchScreen.xib in Resources */,
				6D2F9EED1B430E6300B90B4C /* Images.xcassets in Resources */,
			);
			runOnlyForDeploymentPostprocessing = 0;
		};
		6D2F9EF31B430E6300B90B4C /* Resources */ = {
			isa = PBXResourcesBuildPhase;
			buildActionMask = 2147483647;
			files = (
			);
			runOnlyForDeploymentPostprocessing = 0;
		};
/* End PBXResourcesBuildPhase section */

/* Begin PBXSourcesBuildPhase section */
		6D2F9EDC1B430E6300B90B4C /* Sources */ = {
			isa = PBXSourcesBuildPhase;
			buildActionMask = 2147483647;
			files = (
				6D3F22C91B439DC70083C5A3 /* Anagram.swift in Sources */,
				6D3F22B61B4312F10083C5A3 /* WordCount.swift in Sources */,
				6D527FA91B4F12A6007139A9 /* PhoneNumber.swift in Sources */,
				6DE3CFEB1B67EB28006F4464 /* TwelveDays.swift in Sources */,
				6DE3CFF01B68B8AA006F4464 /* SpaceAge.swift in Sources */,
				6D87DC621B69FEBE00FE8ED0 /* Meetup.swift in Sources */,
				6D527FBA1B5152A6007139A9 /* PerfectNumbers.swift in Sources */,
				6D3F22AB1B4312380083C5A3 /* Leap.swift in Sources */,
				6D87DC5D1B69EA5C00FE8ED0 /* Gigasecond.swift in Sources */,
				6D3F22B01B4312950083C5A3 /* Hamming.swift in Sources */,
				6D527FAF1B504B01007139A9 /* GradeSchool.swift in Sources */,
				6D527FB41B50A257007139A9 /* RobotName.swift in Sources */,
				6DE3CFE61B66FF92006F4464 /* SumOfMultiples.swift in Sources */,
				6D3F22C01B4315760083C5A3 /* Etl.swift in Sources */,
				6D527FC61B545BE7007139A9 /* Accumulate.swift in Sources */,
				6D527FC01B54538B007139A9 /* Allergies.swift in Sources */,
				6D30E1721B447650000E5523 /* NucleotideCount.swift in Sources */,
				6D2F9EE61B430E6300B90B4C /* AppDelegate.swift in Sources */,
				6D2F9F081B430FD700B90B4C /* Bob.swift in Sources */,
			);
			runOnlyForDeploymentPostprocessing = 0;
		};
		6D2F9EF11B430E6300B90B4C /* Sources */ = {
			isa = PBXSourcesBuildPhase;
			buildActionMask = 2147483647;
			files = (
				6D3F22B11B4312950083C5A3 /* Hamming.swift in Sources */,
				6D3F22B41B43129C0083C5A3 /* HammingTest.swift in Sources */,
				6DE3CFF11B68B8D1006F4464 /* SpaceAge.swift in Sources */,
				6D527FC11B54538B007139A9 /* Allergies.swift in Sources */,
				6D3F22AD1B4312400083C5A3 /* LeapTest.swift in Sources */,
				6D30E1731B447650000E5523 /* NucleotideCount.swift in Sources */,
				6D527FB21B50A163007139A9 /* RobotNameTest.swift in Sources */,
				6D527FB51B50A257007139A9 /* RobotName.swift in Sources */,
				6D3F22CA1B439DC70083C5A3 /* Anagram.swift in Sources */,
				6D87DC5B1B69EA4800FE8ED0 /* GigasecondTest.swift in Sources */,
				6DE3CFE71B67005C006F4464 /* SumOfMultiples.swift in Sources */,
				6D87DC5E1B69EA5C00FE8ED0 /* Gigasecond.swift in Sources */,
				6D3F22B91B4312F80083C5A3 /* WordCountTest.swift in Sources */,
				6D3F22B71B4312F10083C5A3 /* WordCount.swift in Sources */,
				6D3F22C11B4315760083C5A3 /* Etl.swift in Sources */,
				6D2F9F0A1B43101A00B90B4C /* BobTest.swift in Sources */,
				6D2F9F0B1B43102500B90B4C /* Bob.swift in Sources */,
				6DE3CFE41B66FF74006F4464 /* SumOfMultiplesTest.swift in Sources */,
				6D3F22BB1B4314CA0083C5A3 /* EtlTest.swift in Sources */,
				6D527FC41B545AAC007139A9 /* AccumulateTest.swift in Sources */,
				6D3F22AE1B4312430083C5A3 /* Leap.swift in Sources */,
				6D527FA71B4F1222007139A9 /* PhoneNumberTest.swift in Sources */,
				6D30E1701B447632000E5523 /* NucleotideCountTest.swift in Sources */,
				6D527FBB1B5152A6007139A9 /* PerfectNumbers.swift in Sources */,
				6D527FBE1B54535E007139A9 /* AllergiesTest.swift in Sources */,
				6D527FAA1B4F12A6007139A9 /* PhoneNumber.swift in Sources */,
				6DE3CFEC1B67EB28006F4464 /* TwelveDays.swift in Sources */,
				6DE3CFE91B67EB0A006F4464 /* TwelveDaysTest.swift in Sources */,
				6D527FC71B545BE7007139A9 /* Accumulate.swift in Sources */,
				6DE3CFEE1B68B887006F4464 /* SpaceAgeTest.swift in Sources */,
				6D527FB01B504B01007139A9 /* GradeSchool.swift in Sources */,
				6D527FB81B515281007139A9 /* PerfectNumbersTest.swift in Sources */,
				6D90604A1EA6D1EB008496A1 /* MeetupTests.swift in Sources */,
				6D87DC631B69FEBE00FE8ED0 /* Meetup.swift in Sources */,
			);
			runOnlyForDeploymentPostprocessing = 0;
		};
/* End PBXSourcesBuildPhase section */

/* Begin PBXTargetDependency section */
		6D2F9EF71B430E6300B90B4C /* PBXTargetDependency */ = {
			isa = PBXTargetDependency;
			target = 6D2F9EDF1B430E6300B90B4C /* exercism */;
			targetProxy = 6D2F9EF61B430E6300B90B4C /* PBXContainerItemProxy */;
		};
/* End PBXTargetDependency section */

/* Begin PBXVariantGroup section */
		6D2F9EE91B430E6300B90B4C /* Main.storyboard */ = {
			isa = PBXVariantGroup;
			children = (
				6D2F9EEA1B430E6300B90B4C /* Base */,
			);
			name = Main.storyboard;
			sourceTree = "<group>";
		};
		6D2F9EEE1B430E6300B90B4C /* LaunchScreen.xib */ = {
			isa = PBXVariantGroup;
			children = (
				6D2F9EEF1B430E6300B90B4C /* Base */,
			);
			name = LaunchScreen.xib;
			sourceTree = "<group>";
		};
/* End PBXVariantGroup section */

/* Begin XCBuildConfiguration section */
		6D2F9EFD1B430E6300B90B4C /* Debug */ = {
			isa = XCBuildConfiguration;
			buildSettings = {
				ALWAYS_SEARCH_USER_PATHS = NO;
				CLANG_CXX_LANGUAGE_STANDARD = "gnu++0x";
				CLANG_CXX_LIBRARY = "libc++";
				CLANG_ENABLE_MODULES = YES;
				CLANG_ENABLE_OBJC_ARC = YES;
				CLANG_WARN_BOOL_CONVERSION = YES;
				CLANG_WARN_CONSTANT_CONVERSION = YES;
				CLANG_WARN_DIRECT_OBJC_ISA_USAGE = YES_ERROR;
				CLANG_WARN_EMPTY_BODY = YES;
				CLANG_WARN_ENUM_CONVERSION = YES;
				CLANG_WARN_INFINITE_RECURSION = YES;
				CLANG_WARN_INT_CONVERSION = YES;
				CLANG_WARN_OBJC_ROOT_CLASS = YES_ERROR;
				CLANG_WARN_SUSPICIOUS_MOVE = YES;
				CLANG_WARN_UNREACHABLE_CODE = YES;
				CLANG_WARN__DUPLICATE_METHOD_MATCH = YES;
				"CODE_SIGN_IDENTITY[sdk=iphoneos*]" = "iPhone Developer";
				COPY_PHASE_STRIP = NO;
				DEBUG_INFORMATION_FORMAT = "dwarf-with-dsym";
				ENABLE_STRICT_OBJC_MSGSEND = YES;
				ENABLE_TESTABILITY = YES;
				GCC_C_LANGUAGE_STANDARD = gnu99;
				GCC_DYNAMIC_NO_PIC = NO;
				GCC_NO_COMMON_BLOCKS = YES;
				GCC_OPTIMIZATION_LEVEL = 0;
				GCC_PREPROCESSOR_DEFINITIONS = (
					"DEBUG=1",
					"$(inherited)",
				);
				GCC_SYMBOLS_PRIVATE_EXTERN = NO;
				GCC_WARN_64_TO_32_BIT_CONVERSION = YES;
				GCC_WARN_ABOUT_RETURN_TYPE = YES_ERROR;
				GCC_WARN_UNDECLARED_SELECTOR = YES;
				GCC_WARN_UNINITIALIZED_AUTOS = YES_AGGRESSIVE;
				GCC_WARN_UNUSED_FUNCTION = YES;
				GCC_WARN_UNUSED_VARIABLE = YES;
				IPHONEOS_DEPLOYMENT_TARGET = 8.3;
				MTL_ENABLE_DEBUG_INFO = YES;
				ONLY_ACTIVE_ARCH = YES;
				SDKROOT = iphoneos;
				SWIFT_OPTIMIZATION_LEVEL = "-Onone";
			};
			name = Debug;
		};
		6D2F9EFE1B430E6300B90B4C /* Release */ = {
			isa = XCBuildConfiguration;
			buildSettings = {
				ALWAYS_SEARCH_USER_PATHS = NO;
				CLANG_CXX_LANGUAGE_STANDARD = "gnu++0x";
				CLANG_CXX_LIBRARY = "libc++";
				CLANG_ENABLE_MODULES = YES;
				CLANG_ENABLE_OBJC_ARC = YES;
				CLANG_WARN_BOOL_CONVERSION = YES;
				CLANG_WARN_CONSTANT_CONVERSION = YES;
				CLANG_WARN_DIRECT_OBJC_ISA_USAGE = YES_ERROR;
				CLANG_WARN_EMPTY_BODY = YES;
				CLANG_WARN_ENUM_CONVERSION = YES;
				CLANG_WARN_INFINITE_RECURSION = YES;
				CLANG_WARN_INT_CONVERSION = YES;
				CLANG_WARN_OBJC_ROOT_CLASS = YES_ERROR;
				CLANG_WARN_SUSPICIOUS_MOVE = YES;
				CLANG_WARN_UNREACHABLE_CODE = YES;
				CLANG_WARN__DUPLICATE_METHOD_MATCH = YES;
				"CODE_SIGN_IDENTITY[sdk=iphoneos*]" = "iPhone Developer";
				COPY_PHASE_STRIP = NO;
				DEBUG_INFORMATION_FORMAT = "dwarf-with-dsym";
				ENABLE_NS_ASSERTIONS = NO;
				ENABLE_STRICT_OBJC_MSGSEND = YES;
				GCC_C_LANGUAGE_STANDARD = gnu99;
				GCC_NO_COMMON_BLOCKS = YES;
				GCC_WARN_64_TO_32_BIT_CONVERSION = YES;
				GCC_WARN_ABOUT_RETURN_TYPE = YES_ERROR;
				GCC_WARN_UNDECLARED_SELECTOR = YES;
				GCC_WARN_UNINITIALIZED_AUTOS = YES_AGGRESSIVE;
				GCC_WARN_UNUSED_FUNCTION = YES;
				GCC_WARN_UNUSED_VARIABLE = YES;
				IPHONEOS_DEPLOYMENT_TARGET = 8.3;
				MTL_ENABLE_DEBUG_INFO = NO;
				SDKROOT = iphoneos;
				SWIFT_OPTIMIZATION_LEVEL = "-Owholemodule";
				VALIDATE_PRODUCT = YES;
			};
			name = Release;
		};
		6D2F9F001B430E6300B90B4C /* Debug */ = {
			isa = XCBuildConfiguration;
			buildSettings = {
				ASSETCATALOG_COMPILER_APPICON_NAME = AppIcon;
				INFOPLIST_FILE = exercism/Info.plist;
				LD_RUNPATH_SEARCH_PATHS = "$(inherited) @executable_path/Frameworks";
				PRODUCT_BUNDLE_IDENTIFIER = "com.damienburke.$(PRODUCT_NAME:rfc1034identifier)";
				PRODUCT_NAME = "$(TARGET_NAME)";
				SWIFT_VERSION = 3.0;
			};
			name = Debug;
		};
		6D2F9F011B430E6300B90B4C /* Release */ = {
			isa = XCBuildConfiguration;
			buildSettings = {
				ASSETCATALOG_COMPILER_APPICON_NAME = AppIcon;
				INFOPLIST_FILE = exercism/Info.plist;
				LD_RUNPATH_SEARCH_PATHS = "$(inherited) @executable_path/Frameworks";
				PRODUCT_BUNDLE_IDENTIFIER = "com.damienburke.$(PRODUCT_NAME:rfc1034identifier)";
				PRODUCT_NAME = "$(TARGET_NAME)";
				SWIFT_VERSION = 3.0;
			};
			name = Release;
		};
		6D2F9F031B430E6300B90B4C /* Debug */ = {
			isa = XCBuildConfiguration;
			buildSettings = {
				BUNDLE_LOADER = "$(TEST_HOST)";
				FRAMEWORK_SEARCH_PATHS = "$(inherited)";
				GCC_PREPROCESSOR_DEFINITIONS = (
					"DEBUG=1",
					"$(inherited)",
				);
				INFOPLIST_FILE = exercismTests/Info.plist;
				LD_RUNPATH_SEARCH_PATHS = "$(inherited) @executable_path/Frameworks @loader_path/Frameworks";
				PRODUCT_BUNDLE_IDENTIFIER = "com.damienburke.$(PRODUCT_NAME:rfc1034identifier)";
				PRODUCT_NAME = "$(TARGET_NAME)";
				SWIFT_VERSION = 3.0;
				TEST_HOST = "$(BUILT_PRODUCTS_DIR)/exercism.app/exercism";
			};
			name = Debug;
		};
		6D2F9F041B430E6300B90B4C /* Release */ = {
			isa = XCBuildConfiguration;
			buildSettings = {
				BUNDLE_LOADER = "$(TEST_HOST)";
				FRAMEWORK_SEARCH_PATHS = "$(inherited)";
				INFOPLIST_FILE = exercismTests/Info.plist;
				LD_RUNPATH_SEARCH_PATHS = "$(inherited) @executable_path/Frameworks @loader_path/Frameworks";
				PRODUCT_BUNDLE_IDENTIFIER = "com.damienburke.$(PRODUCT_NAME:rfc1034identifier)";
				PRODUCT_NAME = "$(TARGET_NAME)";
				SWIFT_VERSION = 3.0;
				TEST_HOST = "$(BUILT_PRODUCTS_DIR)/exercism.app/exercism";
			};
			name = Release;
		};
/* End XCBuildConfiguration section */

/* Begin XCConfigurationList section */
		6D2F9EDB1B430E6300B90B4C /* Build configuration list for PBXProject "exercism" */ = {
			isa = XCConfigurationList;
			buildConfigurations = (
				6D2F9EFD1B430E6300B90B4C /* Debug */,
				6D2F9EFE1B430E6300B90B4C /* Release */,
			);
			defaultConfigurationIsVisible = 0;
			defaultConfigurationName = Release;
		};
		6D2F9EFF1B430E6300B90B4C /* Build configuration list for PBXNativeTarget "exercism" */ = {
			isa = XCConfigurationList;
			buildConfigurations = (
				6D2F9F001B430E6300B90B4C /* Debug */,
				6D2F9F011B430E6300B90B4C /* Release */,
			);
			defaultConfigurationIsVisible = 0;
			defaultConfigurationName = Release;
		};
		6D2F9F021B430E6300B90B4C /* Build configuration list for PBXNativeTarget "exercismTests" */ = {
			isa = XCConfigurationList;
			buildConfigurations = (
				6D2F9F031B430E6300B90B4C /* Debug */,
				6D2F9F041B430E6300B90B4C /* Release */,
			);
			defaultConfigurationIsVisible = 0;
			defaultConfigurationName = Release;
		};
/* End XCConfigurationList section */
	};
	rootObject = 6D2F9ED81B430E6300B90B4C /* Project object */;
}
